
Microsoft Visual Studio Solution File, Format Version 12.00
# Visual Studio Version 17
VisualStudioVersion = 17.11.35327.3
MinimumVisualStudioVersion = 10.0.40219.1
Project("{FAE04EC0-301F-11D3-BF4B-00C04F79EFBC}") = "e.API", "e.API\e.API.csproj", "{1DC4306D-842E-4F7C-93B5-B6D90A2DE6B7}"
EndProject
Project("{FAE04EC0-301F-11D3-BF4B-00C04F79EFBC}") = "e.Domain", "e.Domain\e.Domain.csproj", "{B331DA08-F4A4-4BE0-B434-492BD56D0C6E}"
EndProject
Project("{FAE04EC0-301F-11D3-BF4B-00C04F79EFBC}") = "e.Infrastructure", "e.Infrastructure\e.Infrastructure.csproj", "{177B9290-EA02-4C16-84C0-3FA0B37AF58D}"
EndProject
Global
	GlobalSection(SolutionConfigurationPlatforms) = preSolution
		Debug|Any CPU = Debug|Any CPU
		Release|Any CPU = Release|Any CPU
	EndGlobalSection
	GlobalSection(ProjectConfigurationPlatforms) = postSolution
		{1DC4306D-842E-4F7C-93B5-B6D90A2DE6B7}.Debug|Any CPU.ActiveCfg = Debug|Any CPU
		{1DC4306D-842E-4F7C-93B5-B6D90A2DE6B7}.Debug|Any CPU.Build.0 = Debug|Any CPU
		{1DC4306D-842E-4F7C-93B5-B6D90A2DE6B7}.Release|Any CPU.ActiveCfg = Release|Any CPU
		{1DC4306D-842E-4F7C-93B5-B6D90A2DE6B7}.Release|Any CPU.Build.0 = Release|Any CPU
		{B331DA08-F4A4-4BE0-B434-492BD56D0C6E}.Debug|Any CPU.ActiveCfg = Debug|Any CPU
		{B331DA08-F4A4-4BE0-B434-492BD56D0C6E}.Debug|Any CPU.Build.0 = Debug|Any CPU
		{B331DA08-F4A4-4BE0-B434-492BD56D0C6E}.Release|Any CPU.ActiveCfg = Release|Any CPU
		{B331DA08-F4A4-4BE0-B434-492BD56D0C6E}.Release|Any CPU.Build.0 = Release|Any CPU
		{177B9290-EA02-4C16-84C0-3FA0B37AF58D}.Debug|Any CPU.ActiveCfg = Debug|Any CPU
		{177B9290-EA02-4C16-84C0-3FA0B37AF58D}.Debug|Any CPU.Build.0 = Debug|Any CPU
		{177B9290-EA02-4C16-84C0-3FA0B37AF58D}.Release|Any CPU.ActiveCfg = Release|Any CPU
		{177B9290-EA02-4C16-84C0-3FA0B37AF58D}.Release|Any CPU.Build.0 = Release|Any CPU
	EndGlobalSection
	GlobalSection(SolutionProperties) = preSolution
		HideSolutionNode = FALSE
	EndGlobalSection
	GlobalSection(ExtensibilityGlobals) = postSolution
		SolutionGuid = {7773AB98-041C-4F8D-A902-AE13709DE38D}
	EndGlobalSection
EndGlobal
